
Microsoft Visual Studio Solution File, Format Version 12.00
# Visual Studio Version 16
VisualStudioVersion = 16.0.31702.278
MinimumVisualStudioVersion = 10.0.40219.1
Project("{FAE04EC0-301F-11D3-BF4B-00C04F79EFBC}") = "WinFormsApp4", "WinFormsApp4\WinFormsApp4.csproj", "{5BEC7A88-9BE9-4CBF-83F0-66FE8BE9F1D6}"
EndProject
Global
	GlobalSection(SolutionConfigurationPlatforms) = preSolution
		Debug|Any CPU = Debug|Any CPU
		Release|Any CPU = Release|Any CPU
	EndGlobalSection
	GlobalSection(ProjectConfigurationPlatforms) = postSolution
		{5BEC7A88-9BE9-4CBF-83F0-66FE8BE9F1D6}.Debug|Any CPU.ActiveCfg = Debug|Any CPU
		{5BEC7A88-9BE9-4CBF-83F0-66FE8BE9F1D6}.Debug|Any CPU.Build.0 = Debug|Any CPU
		{5BEC7A88-9BE9-4CBF-83F0-66FE8BE9F1D6}.Release|Any CPU.ActiveCfg = Release|Any CPU
		{5BEC7A88-9BE9-4CBF-83F0-66FE8BE9F1D6}.Release|Any CPU.Build.0 = Release|Any CPU
	EndGlobalSection
	GlobalSection(SolutionProperties) = preSolution
		HideSolutionNode = FALSE
	EndGlobalSection
	GlobalSection(ExtensibilityGlobals) = postSolution
		SolutionGuid = {9142E813-C3B7-41FD-9C17-F04FA88AA68D}
	EndGlobalSection
EndGlobal
